{
  "name": "dme-data-flow-designer",
  "version": "1.0.0",
  "lockfileVersion": 2,
  "requires": true,
  "packages": {
    "": {
      "name": "dme-data-flow-designer",
      "version": "1.0.0",
      "license": "ISC",
      "dependencies": {
        "plain-draggable": "^2.5.14"
      }
    },
    "node_modules/plain-draggable": {
      "version": "2.5.14",
      "resolved": "https://registry.npmjs.org/plain-draggable/-/plain-draggable-2.5.14.tgz",
      "integrity": "sha512-jJUkj/2lQm6Z3vkbPCYIDiDiOG5aXic18OPld8o+hJ+ZDcuODVX1mKnRoePDugP+/KO/v9FALuQd+rhr+LLJ5w=="
    }
  },
  "dependencies": {
    "plain-draggable": {
      "version": "2.5.14",
      "resolved": "https://registry.npmjs.org/plain-draggable/-/plain-draggable-2.5.14.tgz",
      "integrity": "sha512-jJUkj/2lQm6Z3vkbPCYIDiDiOG5aXic18OPld8o+hJ+ZDcuODVX1mKnRoePDugP+/KO/v9FALuQd+rhr+LLJ5w=="
    }
  }
}
